
Microsoft Visual Studio Solution File, Format Version 12.00
# Visual Studio Version 17
VisualStudioVersion = 17.4.33110.190
MinimumVisualStudioVersion = 10.0.40219.1
Project("{FAE04EC0-301F-11D3-BF4B-00C04F79EFBC}") = "Tic Tac Toe_Agnese", "Tic Tac Toe_Agnese\Tic Tac Toe_Agnese.csproj", "{7614342C-9959-4056-9CC5-D0168484F890}"
EndProject
Global
	GlobalSection(SolutionConfigurationPlatforms) = preSolution
		Debug|Any CPU = Debug|Any CPU
		Release|Any CPU = Release|Any CPU
	EndGlobalSection
	GlobalSection(ProjectConfigurationPlatforms) = postSolution
		{7614342C-9959-4056-9CC5-D0168484F890}.Debug|Any CPU.ActiveCfg = Debug|Any CPU
		{7614342C-9959-4056-9CC5-D0168484F890}.Debug|Any CPU.Build.0 = Debug|Any CPU
		{7614342C-9959-4056-9CC5-D0168484F890}.Release|Any CPU.ActiveCfg = Release|Any CPU
		{7614342C-9959-4056-9CC5-D0168484F890}.Release|Any CPU.Build.0 = Release|Any CPU
	EndGlobalSection
	GlobalSection(SolutionProperties) = preSolution
		HideSolutionNode = FALSE
	EndGlobalSection
	GlobalSection(ExtensibilityGlobals) = postSolution
		SolutionGuid = {7A9915FD-1EB1-4443-B205-77ED558D03E2}
	EndGlobalSection
EndGlobal
